
Microsoft Visual Studio Solution File, Format Version 12.00
# Visual Studio Version 17
VisualStudioVersion = 17.0.31903.59
MinimumVisualStudioVersion = 10.0.40219.1
Project("{FAE04EC0-301F-11D3-BF4B-00C04F79EFBC}") = "API", "API\API.csproj", "{A18A3B4C-32C4-4BE0-98E1-921609E3D3B5}"
EndProject
Project("{FAE04EC0-301F-11D3-BF4B-00C04F79EFBC}") = "Application", "Application\Application.csproj", "{BEE66186-0893-4494-AD77-219C3FA74EE0}"
EndProject
Project("{FAE04EC0-301F-11D3-BF4B-00C04F79EFBC}") = "Contracts", "Contracts\Contracts.csproj", "{B29869D8-E8E9-49C5-97FD-03DA7F2F9959}"
EndProject
Project("{FAE04EC0-301F-11D3-BF4B-00C04F79EFBC}") = "Domain", "Domain\Domain.csproj", "{3EAF108A-4135-469B-A1F1-91ACBD2EE575}"
EndProject
Project("{FAE04EC0-301F-11D3-BF4B-00C04F79EFBC}") = "Infrastructure", "Infrastructure\Infrastructure.csproj", "{70346894-22E2-4EB3-8954-A4830ACE5A2B}"
EndProject
Global
	GlobalSection(SolutionConfigurationPlatforms) = preSolution
		Debug|Any CPU = Debug|Any CPU
		Release|Any CPU = Release|Any CPU
	EndGlobalSection
	GlobalSection(SolutionProperties) = preSolution
		HideSolutionNode = FALSE
	EndGlobalSection
	GlobalSection(ProjectConfigurationPlatforms) = postSolution
		{A18A3B4C-32C4-4BE0-98E1-921609E3D3B5}.Debug|Any CPU.ActiveCfg = Debug|Any CPU
		{A18A3B4C-32C4-4BE0-98E1-921609E3D3B5}.Debug|Any CPU.Build.0 = Debug|Any CPU
		{A18A3B4C-32C4-4BE0-98E1-921609E3D3B5}.Release|Any CPU.ActiveCfg = Release|Any CPU
		{A18A3B4C-32C4-4BE0-98E1-921609E3D3B5}.Release|Any CPU.Build.0 = Release|Any CPU
		{BEE66186-0893-4494-AD77-219C3FA74EE0}.Debug|Any CPU.ActiveCfg = Debug|Any CPU
		{BEE66186-0893-4494-AD77-219C3FA74EE0}.Debug|Any CPU.Build.0 = Debug|Any CPU
		{BEE66186-0893-4494-AD77-219C3FA74EE0}.Release|Any CPU.ActiveCfg = Release|Any CPU
		{BEE66186-0893-4494-AD77-219C3FA74EE0}.Release|Any CPU.Build.0 = Release|Any CPU
		{B29869D8-E8E9-49C5-97FD-03DA7F2F9959}.Debug|Any CPU.ActiveCfg = Debug|Any CPU
		{B29869D8-E8E9-49C5-97FD-03DA7F2F9959}.Debug|Any CPU.Build.0 = Debug|Any CPU
		{B29869D8-E8E9-49C5-97FD-03DA7F2F9959}.Release|Any CPU.ActiveCfg = Release|Any CPU
		{B29869D8-E8E9-49C5-97FD-03DA7F2F9959}.Release|Any CPU.Build.0 = Release|Any CPU
		{3EAF108A-4135-469B-A1F1-91ACBD2EE575}.Debug|Any CPU.ActiveCfg = Debug|Any CPU
		{3EAF108A-4135-469B-A1F1-91ACBD2EE575}.Debug|Any CPU.Build.0 = Debug|Any CPU
		{3EAF108A-4135-469B-A1F1-91ACBD2EE575}.Release|Any CPU.ActiveCfg = Release|Any CPU
		{3EAF108A-4135-469B-A1F1-91ACBD2EE575}.Release|Any CPU.Build.0 = Release|Any CPU
		{70346894-22E2-4EB3-8954-A4830ACE5A2B}.Debug|Any CPU.ActiveCfg = Debug|Any CPU
		{70346894-22E2-4EB3-8954-A4830ACE5A2B}.Debug|Any CPU.Build.0 = Debug|Any CPU
		{70346894-22E2-4EB3-8954-A4830ACE5A2B}.Release|Any CPU.ActiveCfg = Release|Any CPU
		{70346894-22E2-4EB3-8954-A4830ACE5A2B}.Release|Any CPU.Build.0 = Release|Any CPU
	EndGlobalSection
EndGlobal
